
Microsoft Visual Studio Solution File, Format Version 12.00
# Visual Studio Version 16
VisualStudioVersion = 16.0.30225.117
MinimumVisualStudioVersion = 10.0.40219.1
Project("{FAE04EC0-301F-11D3-BF4B-00C04F79EFBC}") = "The Motivator 9000", "The Motivator 9000\The Motivator 9000.csproj", "{D565625B-8642-468A-9BC2-8512DCDE82F5}"
EndProject
Global
	GlobalSection(SolutionConfigurationPlatforms) = preSolution
		Debug|Any CPU = Debug|Any CPU
		Release|Any CPU = Release|Any CPU
	EndGlobalSection
	GlobalSection(ProjectConfigurationPlatforms) = postSolution
		{D565625B-8642-468A-9BC2-8512DCDE82F5}.Debug|Any CPU.ActiveCfg = Debug|Any CPU
		{D565625B-8642-468A-9BC2-8512DCDE82F5}.Debug|Any CPU.Build.0 = Debug|Any CPU
		{D565625B-8642-468A-9BC2-8512DCDE82F5}.Release|Any CPU.ActiveCfg = Release|Any CPU
		{D565625B-8642-468A-9BC2-8512DCDE82F5}.Release|Any CPU.Build.0 = Release|Any CPU
	EndGlobalSection
	GlobalSection(SolutionProperties) = preSolution
		HideSolutionNode = FALSE
	EndGlobalSection
	GlobalSection(ExtensibilityGlobals) = postSolution
		SolutionGuid = {24EDB1E7-8C65-41BF-8F66-AADFB6C94E48}
	EndGlobalSection
EndGlobal
